
Microsoft Visual Studio Solution File, Format Version 12.00
# Visual Studio Version 17
VisualStudioVersion = 17.3.32811.315
MinimumVisualStudioVersion = 10.0.40219.1
Project("{9A19103F-16F7-4668-BE54-9A1E7A4F7556}") = "BlazorServer", "BlazorServer.csproj", "{89EBBE77-B65E-49F5-A11C-D34604BF1193}"
EndProject
Global
	GlobalSection(SolutionConfigurationPlatforms) = preSolution
		Debug|Any CPU = Debug|Any CPU
		Release|Any CPU = Release|Any CPU
	EndGlobalSection
	GlobalSection(ProjectConfigurationPlatforms) = postSolution
		{89EBBE77-B65E-49F5-A11C-D34604BF1193}.Debug|Any CPU.ActiveCfg = Debug|Any CPU
		{89EBBE77-B65E-49F5-A11C-D34604BF1193}.Debug|Any CPU.Build.0 = Debug|Any CPU
		{89EBBE77-B65E-49F5-A11C-D34604BF1193}.Release|Any CPU.ActiveCfg = Release|Any CPU
		{89EBBE77-B65E-49F5-A11C-D34604BF1193}.Release|Any CPU.Build.0 = Release|Any CPU
	EndGlobalSection
	GlobalSection(SolutionProperties) = preSolution
		HideSolutionNode = FALSE
	EndGlobalSection
	GlobalSection(ExtensibilityGlobals) = postSolution
		SolutionGuid = {B6CD8DD6-15F1-4DF7-8200-1CED63962BC6}
	EndGlobalSection
EndGlobal
